// !$*UTF8*$!
{
	archiveVersion = 1;
	classes = {
	};
	objectVersion = 46;
	objects = {

/* Begin PBXBuildFile section */
		2E8781FB1B8D2063003E5DC1 /* AnotherCustomClass.m in Sources */ = {isa = PBXBuildFile; fileRef = 2E8781FA1B8D2063003E5DC1 /* AnotherCustomClass.m */; };
		2ECDB04D1B8BFEC6001E5110 /* main.m in Sources */ = {isa = PBXBuildFile; fileRef = 2ECDB04C1B8BFEC6001E5110 /* main.m */; };
		2ECDB0501B8BFEC6001E5110 /* AppDelegate.m in Sources */ = {isa = PBXBuildFile; fileRef = 2ECDB04F1B8BFEC6001E5110 /* AppDelegate.m */; };
		2ECDB0531B8BFEC7001E5110 /* ViewController.m in Sources */ = {isa = PBXBuildFile; fileRef = 2ECDB0521B8BFEC7001E5110 /* ViewController.m */; };
		2ECDB0561B8BFEC7001E5110 /* Main.storyboard in Resources */ = {isa = PBXBuildFile; fileRef = 2ECDB0541B8BFEC7001E5110 /* Main.storyboard */; };
		2ECDB0581B8BFEC7001E5110 /* Images.xcassets in Resources */ = {isa = PBXBuildFile; fileRef = 2ECDB0571B8BFEC7001E5110 /* Images.xcassets */; };
		2ECDB05B1B8BFEC7001E5110 /* LaunchScreen.xib in Resources */ = {isa = PBXBuildFile; fileRef = 2ECDB0591B8BFEC7001E5110 /* LaunchScreen.xib */; };
		2ECDB0671B8BFEC7001E5110 /* KVO_DemoTests.m in Sources */ = {isa = PBXBuildFile; fileRef = 2ECDB0661B8BFEC7001E5110 /* KVO_DemoTests.m */; };
		2ECDB0721B8BFF63001E5110 /* MyCustomClass.m in Sources */ = {isa = PBXBuildFile; fileRef = 2ECDB0711B8BFF63001E5110 /* MyCustomClass.m */; };
/* End PBXBuildFile section */

/* Begin PBXContainerItemProxy section */
		2ECDB0611B8BFEC7001E5110 /* PBXContainerItemProxy */ = {
			isa = PBXContainerItemProxy;
			containerPortal = 2ECDB03F1B8BFEC6001E5110 /* Project object */;
			proxyType = 1;
			remoteGlobalIDString = 2ECDB0461B8BFEC6001E5110;
			remoteInfo = "KVO Demo";
		};
/* End PBXContainerItemProxy section */

/* Begin PBXFileReference section */
		2E8781F91B8D2063003E5DC1 /* AnotherCustomClass.h */ = {isa = PBXFileReference; fileEncoding = 4; lastKnownFileType = sourcecode.c.h; path = AnotherCustomClass.h; sourceTree = "<group>"; };
		2E8781FA1B8D2063003E5DC1 /* AnotherCustomClass.m */ = {isa = PBXFileReference; fileEncoding = 4; lastKnownFileType = sourcecode.c.objc; path = AnotherCustomClass.m; sourceTree = "<group>"; };
		2ECDB0471B8BFEC6001E5110 /* KVO Demo.app */ = {isa = PBXFileReference; explicitFileType = wrapper.application; includeInIndex = 0; path = "KVO Demo.app"; sourceTree = BUILT_PRODUCTS_DIR; };
		2ECDB04B1B8BFEC6001E5110 /* Info.plist */ = {isa = PBXFileReference; lastKnownFileType = text.plist.xml; path = Info.plist; sourceTree = "<group>"; };
		2ECDB04C1B8BFEC6001E5110 /* main.m */ = {isa = PBXFileReference; lastKnownFileType = sourcecode.c.objc; path = main.m; sourceTree = "<group>"; };
		2ECDB04E1B8BFEC6001E5110 /* AppDelegate.h */ = {isa = PBXFileReference; lastKnownFileType = sourcecode.c.h; path = AppDelegate.h; sourceTree = "<group>"; };
		2ECDB04F1B8BFEC6001E5110 /* AppDelegate.m */ = {isa = PBXFileReference; lastKnownFileType = sourcecode.c.objc; path = AppDelegate.m; sourceTree = "<group>"; };
		2ECDB0511B8BFEC6001E5110 /* ViewController.h */ = {isa = PBXFileReference; lastKnownFileType = sourcecode.c.h; path = ViewController.h; sourceTree = "<group>"; };
		2ECDB0521B8BFEC7001E5110 /* ViewController.m */ = {isa = PBXFileReference; lastKnownFileType = sourcecode.c.objc; path = ViewController.m; sourceTree = "<group>"; };
		2ECDB0551B8BFEC7001E5110 /* Base */ = {isa = PBXFileReference; lastKnownFileType = file.storyboard; name = Base; path = Base.lproj/Main.storyboard; sourceTree = "<group>"; };
		2ECDB0571B8BFEC7001E5110 /* Images.xcassets */ = {isa = PBXFileReference; lastKnownFileType = folder.assetcatalog; path = Images.xcassets; sourceTree = "<group>"; };
		2ECDB05A1B8BFEC7001E5110 /* Base */ = {isa = PBXFileReference; lastKnownFileType = file.xib; name = Base; path = Base.lproj/LaunchScreen.xib; sourceTree = "<group>"; };
		2ECDB0601B8BFEC7001E5110 /* KVO DemoTests.xctest */ = {isa = PBXFileReference; explicitFileType = wrapper.cfbundle; includeInIndex = 0; path = "KVO DemoTests.xctest"; sourceTree = BUILT_PRODUCTS_DIR; };
		2ECDB0651B8BFEC7001E5110 /* Info.plist */ = {isa = PBXFileReference; lastKnownFileType = text.plist.xml; path = Info.plist; sourceTree = "<group>"; };
		2ECDB0661B8BFEC7001E5110 /* KVO_DemoTests.m */ = {isa = PBXFileReference; lastKnownFileType = sourcecode.c.objc; path = KVO_DemoTests.m; sourceTree = "<group>"; };
		2ECDB0701B8BFF63001E5110 /* MyCustomClass.h */ = {isa = PBXFileReference; fileEncoding = 4; lastKnownFileType = sourcecode.c.h; path = MyCustomClass.h; sourceTree = "<group>"; };
		2ECDB0711B8BFF63001E5110 /* MyCustomClass.m */ = {isa = PBXFileReference; fileEncoding = 4; lastKnownFileType = sourcecode.c.objc; path = MyCustomClass.m; sourceTree = "<group>"; };
/* End PBXFileReference section */

/* Begin PBXFrameworksBuildPhase section */
		2ECDB0441B8BFEC6001E5110 /* Frameworks */ = {
			isa = PBXFrameworksBuildPhase;
			buildActionMask = 2147483647;
			files = (
			);
			runOnlyForDeploymentPostprocessing = 0;
		};
		2ECDB05D1B8BFEC7001E5110 /* Frameworks */ = {
			isa = PBXFrameworksBuildPhase;
			buildActionMask = 2147483647;
			files = (
			);
			runOnlyForDeploymentPostprocessing = 0;
		};
/* End PBXFrameworksBuildPhase section */

/* Begin PBXGroup section */
		2ECDB03E1B8BFEC6001E5110 = {
			isa = PBXGroup;
			children = (
				2ECDB0491B8BFEC6001E5110 /* KVO Demo */,
				2ECDB0631B8BFEC7001E5110 /* KVO DemoTests */,
				2ECDB0481B8BFEC6001E5110 /* Products */,
			);
			sourceTree = "<group>";
		};
		2ECDB0481B8BFEC6001E5110 /* Products */ = {
			isa = PBXGroup;
			children = (
				2ECDB0471B8BFEC6001E5110 /* KVO Demo.app */,
				2ECDB0601B8BFEC7001E5110 /* KVO DemoTests.xctest */,
			);
			name = Products;
			sourceTree = "<group>";
		};
		2ECDB0491B8BFEC6001E5110 /* KVO Demo */ = {
			isa = PBXGroup;
			children = (
				2ECDB04E1B8BFEC6001E5110 /* AppDelegate.h */,
				2ECDB04F1B8BFEC6001E5110 /* AppDelegate.m */,
				2ECDB0511B8BFEC6001E5110 /* ViewController.h */,
				2ECDB0521B8BFEC7001E5110 /* ViewController.m */,
				2ECDB0701B8BFF63001E5110 /* MyCustomClass.h */,
				2ECDB0711B8BFF63001E5110 /* MyCustomClass.m */,
				2E8781F91B8D2063003E5DC1 /* AnotherCustomClass.h */,
				2E8781FA1B8D2063003E5DC1 /* AnotherCustomClass.m */,
				2ECDB0541B8BFEC7001E5110 /* Main.storyboard */,
				2ECDB0571B8BFEC7001E5110 /* Images.xcassets */,
				2ECDB0591B8BFEC7001E5110 /* LaunchScreen.xib */,
				2ECDB04A1B8BFEC6001E5110 /* Supporting Files */,
			);
			path = "KVO Demo";
			sourceTree = "<group>";
		};
		2ECDB04A1B8BFEC6001E5110 /* Supporting Files */ = {
			isa = PBXGroup;
			children = (
				2ECDB04B1B8BFEC6001E5110 /* Info.plist */,
				2ECDB04C1B8BFEC6001E5110 /* main.m */,
			);
			name = "Supporting Files";
			sourceTree = "<group>";
		};
		2ECDB0631B8BFEC7001E5110 /* KVO DemoTests */ = {
			isa = PBXGroup;
			children = (
				2ECDB0661B8BFEC7001E5110 /* KVO_DemoTests.m */,
				2ECDB0641B8BFEC7001E5110 /* Supporting Files */,
			);
			path = "KVO DemoTests";
			sourceTree = "<group>";
		};
		2ECDB0641B8BFEC7001E5110 /* Supporting Files */ = {
			isa = PBXGroup;
			children = (
				2ECDB0651B8BFEC7001E5110 /* Info.plist */,
			);
			name = "Supporting Files";
			sourceTree = "<group>";
		};
/* End PBXGroup section */

/* Begin PBXNativeTarget section */
		2ECDB0461B8BFEC6001E5110 /* KVO Demo */ = {
			isa = PBXNativeTarget;
			buildConfigurationList = 2ECDB06A1B8BFEC7001E5110 /* Build configuration list for PBXNativeTarget "KVO Demo" */;
			buildPhases = (
				2ECDB0431B8BFEC6001E5110 /* Sources */,
				2ECDB0441B8BFEC6001E5110 /* Frameworks */,
				2ECDB0451B8BFEC6001E5110 /* Resources */,
			);
			buildRules = (
			);
			dependencies = (
			);
			name = "KVO Demo";
			productName = "KVO Demo";
			productReference = 2ECDB0471B8BFEC6001E5110 /* KVO Demo.app */;
			productType = "com.apple.product-type.application";
		};
		2ECDB05F1B8BFEC7001E5110 /* KVO DemoTests */ = {
			isa = PBXNativeTarget;
			buildConfigurationList = 2ECDB06D1B8BFEC7001E5110 /* Build configuration list for PBXNativeTarget "KVO DemoTests" */;
			buildPhases = (
				2ECDB05C1B8BFEC7001E5110 /* Sources */,
				2ECDB05D1B8BFEC7001E5110 /* Frameworks */,
				2ECDB05E1B8BFEC7001E5110 /* Resources */,
			);
			buildRules = (
			);
			dependencies = (
				2ECDB0621B8BFEC7001E5110 /* PBXTargetDependency */,
			);
			name = "KVO DemoTests";
			productName = "KVO DemoTests";
			productReference = 2ECDB0601B8BFEC7001E5110 /* KVO DemoTests.xctest */;
			productType = "com.apple.product-type.bundle.unit-test";
		};
/* End PBXNativeTarget section */

/* Begin PBXProject section */
		2ECDB03F1B8BFEC6001E5110 /* Project object */ = {
			isa = PBXProject;
			attributes = {
				LastUpgradeCheck = 0640;
				ORGANIZATIONNAME = "Chase McCoy";
				TargetAttributes = {
					2ECDB0461B8BFEC6001E5110 = {
						CreatedOnToolsVersion = 6.4;
					};
					2ECDB05F1B8BFEC7001E5110 = {
						CreatedOnToolsVersion = 6.4;
						TestTargetID = 2ECDB0461B8BFEC6001E5110;
					};
				};
			};
			buildConfigurationList = 2ECDB0421B8BFEC6001E5110 /* Build configuration list for PBXProject "KVO Demo" */;
			compatibilityVersion = "Xcode 3.2";
			developmentRegion = English;
			hasScannedForEncodings = 0;
			knownRegions = (
				en,
				Base,
			);
			mainGroup = 2ECDB03E1B8BFEC6001E5110;
			productRefGroup = 2ECDB0481B8BFEC6001E5110 /* Products */;
			projectDirPath = "";
			projectRoot = "";
			targets = (
				2ECDB0461B8BFEC6001E5110 /* KVO Demo */,
				2ECDB05F1B8BFEC7001E5110 /* KVO DemoTests */,
			);
		};
/* End PBXProject section */

/* Begin PBXResourcesBuildPhase section */
		2ECDB0451B8BFEC6001E5110 /* Resources */ = {
			isa = PBXResourcesBuildPhase;
			buildActionMask = 2147483647;
			files = (
				2ECDB0561B8BFEC7001E5110 /* Main.storyboard in Resources */,
				2ECDB05B1B8BFEC7001E5110 /* LaunchScreen.xib in Resources */,
				2ECDB0581B8BFEC7001E5110 /* Images.xcassets in Resources */,
			);
			runOnlyForDeploymentPostprocessing = 0;
		};
		2ECDB05E1B8BFEC7001E5110 /* Resources */ = {
			isa = PBXResourcesBuildPhase;
			buildActionMask = 2147483647;
			files = (
			);
			runOnlyForDeploymentPostprocessing = 0;
		};
/* End PBXResourcesBuildPhase section */

/* Begin PBXSourcesBuildPhase section */
		2ECDB0431B8BFEC6001E5110 /* Sources */ = {
			isa = PBXSourcesBuildPhase;
			buildActionMask = 2147483647;
			files = (
				2E8781FB1B8D2063003E5DC1 /* AnotherCustomClass.m in Sources */,
				2ECDB0531B8BFEC7001E5110 /* ViewController.m in Sources */,
				2ECDB0721B8BFF63001E5110 /* MyCustomClass.m in Sources */,
				2ECDB0501B8BFEC6001E5110 /* AppDelegate.m in Sources */,
				2ECDB04D1B8BFEC6001E5110 /* main.m in Sources */,
			);
			runOnlyForDeploymentPostprocessing = 0;
		};
		2ECDB05C1B8BFEC7001E5110 /* Sources */ = {
			isa = PBXSourcesBuildPhase;
			buildActionMask = 2147483647;
			files = (
				2ECDB0671B8BFEC7001E5110 /* KVO_DemoTests.m in Sources */,
			);
			runOnlyForDeploymentPostprocessing = 0;
		};
/* End PBXSourcesBuildPhase section */

/* Begin PBXTargetDependency section */
		2ECDB0621B8BFEC7001E5110 /* PBXTargetDependency */ = {
			isa = PBXTargetDependency;
			target = 2ECDB0461B8BFEC6001E5110 /* KVO Demo */;
			targetProxy = 2ECDB0611B8BFEC7001E5110 /* PBXContainerItemProxy */;
		};
/* End PBXTargetDependency section */

/* Begin PBXVariantGroup section */
		2ECDB0541B8BFEC7001E5110 /* Main.storyboard */ = {
			isa = PBXVariantGroup;
			children = (
				2ECDB0551B8BFEC7001E5110 /* Base */,
			);
			name = Main.storyboard;
			sourceTree = "<group>";
		};
		2ECDB0591B8BFEC7001E5110 /* LaunchScreen.xib */ = {
			isa = PBXVariantGroup;
			children = (
				2ECDB05A1B8BFEC7001E5110 /* Base */,
			);
			name = LaunchScreen.xib;
			sourceTree = "<group>";
		};
/* End PBXVariantGroup section */

/* Begin XCBuildConfiguration section */
		2ECDB0681B8BFEC7001E5110 /* Debug */ = {
			isa = XCBuildConfiguration;
			buildSettings = {
				ALWAYS_SEARCH_USER_PATHS = NO;
				CLANG_CXX_LANGUAGE_STANDARD = "gnu++0x";
				CLANG_CXX_LIBRARY = "libc++";
				CLANG_ENABLE_MODULES = YES;
				CLANG_ENABLE_OBJC_ARC = YES;
				CLANG_WARN_BOOL_CONVERSION = YES;
				CLANG_WARN_CONSTANT_CONVERSION = YES;
				CLANG_WARN_DIRECT_OBJC_ISA_USAGE = YES_ERROR;
				CLANG_WARN_EMPTY_BODY = YES;
				CLANG_WARN_ENUM_CONVERSION = YES;
				CLANG_WARN_INT_CONVERSION = YES;
				CLANG_WARN_OBJC_ROOT_CLASS = YES_ERROR;
				CLANG_WARN_UNREACHABLE_CODE = YES;
				CLANG_WARN__DUPLICATE_METHOD_MATCH = YES;
				"CODE_SIGN_IDENTITY[sdk=iphoneos*]" = "iPhone Developer";
				COPY_PHASE_STRIP = NO;
				DEBUG_INFORMATION_FORMAT = "dwarf-with-dsym";
				ENABLE_STRICT_OBJC_MSGSEND = YES;
				GCC_C_LANGUAGE_STANDARD = gnu99;
				GCC_DYNAMIC_NO_PIC = NO;
				GCC_NO_COMMON_BLOCKS = YES;
				GCC_OPTIMIZATION_LEVEL = 0;
				GCC_PREPROCESSOR_DEFINITIONS = (
					"DEBUG=1",
					"$(inherited)",
				);
				GCC_SYMBOLS_PRIVATE_EXTERN = NO;
				GCC_WARN_64_TO_32_BIT_CONVERSION = YES;
				GCC_WARN_ABOUT_RETURN_TYPE = YES_ERROR;
				GCC_WARN_UNDECLARED_SELECTOR = YES;
				GCC_WARN_UNINITIALIZED_AUTOS = YES_AGGRESSIVE;
				GCC_WARN_UNUSED_FUNCTION = YES;
				GCC_WARN_UNUSED_VARIABLE = YES;
				IPHONEOS_DEPLOYMENT_TARGET = 8.4;
				MTL_ENABLE_DEBUG_INFO = YES;
				ONLY_ACTIVE_ARCH = YES;
				SDKROOT = iphoneos;
				TARGETED_DEVICE_FAMILY = "1,2";
			};
			name = Debug;
		};
		2ECDB0691B8BFEC7001E5110 /* Release */ = {
			isa = XCBuildConfiguration;
			buildSettings = {
				ALWAYS_SEARCH_USER_PATHS = NO;
				CLANG_CXX_LANGUAGE_STANDARD = "gnu++0x";
				CLANG_CXX_LIBRARY = "libc++";
				CLANG_ENABLE_MODULES = YES;
				CLANG_ENABLE_OBJC_ARC = YES;
				CLANG_WARN_BOOL_CONVERSION = YES;
				CLANG_WARN_CONSTANT_CONVERSION = YES;
				CLANG_WARN_DIRECT_OBJC_ISA_USAGE = YES_ERROR;
				CLANG_WARN_EMPTY_BODY = YES;
				CLANG_WARN_ENUM_CONVERSION = YES;
				CLANG_WARN_INT_CONVERSION = YES;
				CLANG_WARN_OBJC_ROOT_CLASS = YES_ERROR;
				CLANG_WARN_UNREACHABLE_CODE = YES;
				CLANG_WARN__DUPLICATE_METHOD_MATCH = YES;
				"CODE_SIGN_IDENTITY[sdk=iphoneos*]" = "iPhone Developer";
				COPY_PHASE_STRIP = NO;
				DEBUG_INFORMATION_FORMAT = "dwarf-with-dsym";
				ENABLE_NS_ASSERTIONS = NO;
				ENABLE_STRICT_OBJC_MSGSEND = YES;
				GCC_C_LANGUAGE_STANDARD = gnu99;
				GCC_NO_COMMON_BLOCKS = YES;
				GCC_WARN_64_TO_32_BIT_CONVERSION = YES;
				GCC_WARN_ABOUT_RETURN_TYPE = YES_ERROR;
				GCC_WARN_UNDECLARED_SELECTOR = YES;
				GCC_WARN_UNINITIALIZED_AUTOS = YES_AGGRESSIVE;
				GCC_WARN_UNUSED_FUNCTION = YES;
				GCC_WARN_UNUSED_VARIABLE = YES;
				IPHONEOS_DEPLOYMENT_TARGET = 8.4;
				MTL_ENABLE_DEBUG_INFO = NO;
				SDKROOT = iphoneos;
				TARGETED_DEVICE_FAMILY = "1,2";
				VALIDATE_PRODUCT = YES;
			};
			name = Release;
		};
		2ECDB06B1B8BFEC7001E5110 /* Debug */ = {
			isa = XCBuildConfiguration;
			buildSettings = {
				ASSETCATALOG_COMPILER_APPICON_NAME = AppIcon;
				INFOPLIST_FILE = "KVO Demo/Info.plist";
				LD_RUNPATH_SEARCH_PATHS = "$(inherited) @executable_path/Frameworks";
				PRODUCT_NAME = "$(TARGET_NAME)";
			};
			name = Debug;
		};
		2ECDB06C1B8BFEC7001E5110 /* Release */ = {
			isa = XCBuildConfiguration;
			buildSettings = {
				ASSETCATALOG_COMPILER_APPICON_NAME = AppIcon;
				INFOPLIST_FILE = "KVO Demo/Info.plist";
				LD_RUNPATH_SEARCH_PATHS = "$(inherited) @executable_path/Frameworks";
				PRODUCT_NAME = "$(TARGET_NAME)";
			};
			name = Release;
		};
		2ECDB06E1B8BFEC7001E5110 /* Debug */ = {
			isa = XCBuildConfiguration;
			buildSettings = {
				BUNDLE_LOADER = "$(TEST_HOST)";
				FRAMEWORK_SEARCH_PATHS = (
					"$(SDKROOT)/Developer/Library/Frameworks",
					"$(inherited)",
				);
				GCC_PREPROCESSOR_DEFINITIONS = (
					"DEBUG=1",
					"$(inherited)",
				);
				INFOPLIST_FILE = "KVO DemoTests/Info.plist";
				LD_RUNPATH_SEARCH_PATHS = "$(inherited) @executable_path/Frameworks @loader_path/Frameworks";
				PRODUCT_NAME = "$(TARGET_NAME)";
				TEST_HOST = "$(BUILT_PRODUCTS_DIR)/KVO Demo.app/KVO Demo";
			};
			name = Debug;
		};
		2ECDB06F1B8BFEC7001E5110 /* Release */ = {
			isa = XCBuildConfiguration;
			buildSettings = {
				BUNDLE_LOADER = "$(TEST_HOST)";
				FRAMEWORK_SEARCH_PATHS = (
					"$(SDKROOT)/Developer/Library/Frameworks",
					"$(inherited)",
				);
				INFOPLIST_FILE = "KVO DemoTests/Info.plist";
				LD_RUNPATH_SEARCH_PATHS = "$(inherited) @executable_path/Frameworks @loader_path/Frameworks";
				PRODUCT_NAME = "$(TARGET_NAME)";
				TEST_HOST = "$(BUILT_PRODUCTS_DIR)/KVO Demo.app/KVO Demo";
			};
			name = Release;
		};
/* End XCBuildConfiguration section */

/* Begin XCConfigurationList section */
		2ECDB0421B8BFEC6001E5110 /* Build configuration list for PBXProject "KVO Demo" */ = {
			isa = XCConfigurationList;
			buildConfigurations = (
				2ECDB0681B8BFEC7001E5110 /* Debug */,
				2ECDB0691B8BFEC7001E5110 /* Release */,
			);
			defaultConfigurationIsVisible = 0;
			defaultConfigurationName = Release;
		};
		2ECDB06A1B8BFEC7001E5110 /* Build configuration list for PBXNativeTarget "KVO Demo" */ = {
			isa = XCConfigurationList;
			buildConfigurations = (
				2ECDB06B1B8BFEC7001E5110 /* Debug */,
				2ECDB06C1B8BFEC7001E5110 /* Release */,
			);
			defaultConfigurationIsVisible = 0;
			defaultConfigurationName = Release;
		};
		2ECDB06D1B8BFEC7001E5110 /* Build configuration list for PBXNativeTarget "KVO DemoTests" */ = {
			isa = XCConfigurationList;
			buildConfigurations = (
				2ECDB06E1B8BFEC7001E5110 /* Debug */,
				2ECDB06F1B8BFEC7001E5110 /* Release */,
			);
			defaultConfigurationIsVisible = 0;
			defaultConfigurationName = Release;
		};
/* End XCConfigurationList section */
	};
	rootObject = 2ECDB03F1B8BFEC6001E5110 /* Project object */;
}
