// !$*UTF8*$!
{
	archiveVersion = 1;
	classes = {
	};
	objectVersion = 46;
	objects = {

/* Begin PBXBuildFile section */
		2EDE65FE1B0118B800CC94C6 /* main.m in Sources */ = {isa = PBXBuildFile; fileRef = 2EDE65FD1B0118B800CC94C6 /* main.m */; };
		2EDE66011B0118B800CC94C6 /* AppDelegate.m in Sources */ = {isa = PBXBuildFile; fileRef = 2EDE66001B0118B800CC94C6 /* AppDelegate.m */; };
		2EDE66041B0118B800CC94C6 /* ViewController.m in Sources */ = {isa = PBXBuildFile; fileRef = 2EDE66031B0118B800CC94C6 /* ViewController.m */; };
		2EDE66071B0118B800CC94C6 /* Main.storyboard in Resources */ = {isa = PBXBuildFile; fileRef = 2EDE66051B0118B800CC94C6 /* Main.storyboard */; };
		2EDE66091B0118B800CC94C6 /* Images.xcassets in Resources */ = {isa = PBXBuildFile; fileRef = 2EDE66081B0118B800CC94C6 /* Images.xcassets */; };
		2EDE660C1B0118B800CC94C6 /* LaunchScreen.xib in Resources */ = {isa = PBXBuildFile; fileRef = 2EDE660A1B0118B800CC94C6 /* LaunchScreen.xib */; };
		2EDE66181B0118B800CC94C6 /* Tap_MeTests.m in Sources */ = {isa = PBXBuildFile; fileRef = 2EDE66171B0118B800CC94C6 /* Tap_MeTests.m */; };
/* End PBXBuildFile section */

/* Begin PBXContainerItemProxy section */
		2EDE66121B0118B800CC94C6 /* PBXContainerItemProxy */ = {
			isa = PBXContainerItemProxy;
			containerPortal = 2EDE65F01B0118B800CC94C6 /* Project object */;
			proxyType = 1;
			remoteGlobalIDString = 2EDE65F71B0118B800CC94C6;
			remoteInfo = "Tap Me";
		};
/* End PBXContainerItemProxy section */

/* Begin PBXFileReference section */
		2EDE65F81B0118B800CC94C6 /* Tap Me.app */ = {isa = PBXFileReference; explicitFileType = wrapper.application; includeInIndex = 0; path = "Tap Me.app"; sourceTree = BUILT_PRODUCTS_DIR; };
		2EDE65FC1B0118B800CC94C6 /* Info.plist */ = {isa = PBXFileReference; lastKnownFileType = text.plist.xml; path = Info.plist; sourceTree = "<group>"; };
		2EDE65FD1B0118B800CC94C6 /* main.m */ = {isa = PBXFileReference; lastKnownFileType = sourcecode.c.objc; path = main.m; sourceTree = "<group>"; };
		2EDE65FF1B0118B800CC94C6 /* AppDelegate.h */ = {isa = PBXFileReference; lastKnownFileType = sourcecode.c.h; path = AppDelegate.h; sourceTree = "<group>"; };
		2EDE66001B0118B800CC94C6 /* AppDelegate.m */ = {isa = PBXFileReference; lastKnownFileType = sourcecode.c.objc; path = AppDelegate.m; sourceTree = "<group>"; };
		2EDE66021B0118B800CC94C6 /* ViewController.h */ = {isa = PBXFileReference; lastKnownFileType = sourcecode.c.h; path = ViewController.h; sourceTree = "<group>"; };
		2EDE66031B0118B800CC94C6 /* ViewController.m */ = {isa = PBXFileReference; lastKnownFileType = sourcecode.c.objc; path = ViewController.m; sourceTree = "<group>"; };
		2EDE66061B0118B800CC94C6 /* Base */ = {isa = PBXFileReference; lastKnownFileType = file.storyboard; name = Base; path = Base.lproj/Main.storyboard; sourceTree = "<group>"; };
		2EDE66081B0118B800CC94C6 /* Images.xcassets */ = {isa = PBXFileReference; lastKnownFileType = folder.assetcatalog; path = Images.xcassets; sourceTree = "<group>"; };
		2EDE660B1B0118B800CC94C6 /* Base */ = {isa = PBXFileReference; lastKnownFileType = file.xib; name = Base; path = Base.lproj/LaunchScreen.xib; sourceTree = "<group>"; };
		2EDE66111B0118B800CC94C6 /* Tap MeTests.xctest */ = {isa = PBXFileReference; explicitFileType = wrapper.cfbundle; includeInIndex = 0; path = "Tap MeTests.xctest"; sourceTree = BUILT_PRODUCTS_DIR; };
		2EDE66161B0118B800CC94C6 /* Info.plist */ = {isa = PBXFileReference; lastKnownFileType = text.plist.xml; path = Info.plist; sourceTree = "<group>"; };
		2EDE66171B0118B800CC94C6 /* Tap_MeTests.m */ = {isa = PBXFileReference; lastKnownFileType = sourcecode.c.objc; path = Tap_MeTests.m; sourceTree = "<group>"; };
/* End PBXFileReference section */

/* Begin PBXFrameworksBuildPhase section */
		2EDE65F51B0118B800CC94C6 /* Frameworks */ = {
			isa = PBXFrameworksBuildPhase;
			buildActionMask = 2147483647;
			files = (
			);
			runOnlyForDeploymentPostprocessing = 0;
		};
		2EDE660E1B0118B800CC94C6 /* Frameworks */ = {
			isa = PBXFrameworksBuildPhase;
			buildActionMask = 2147483647;
			files = (
			);
			runOnlyForDeploymentPostprocessing = 0;
		};
/* End PBXFrameworksBuildPhase section */

/* Begin PBXGroup section */
		2EDE65EF1B0118B800CC94C6 = {
			isa = PBXGroup;
			children = (
				2EDE65FA1B0118B800CC94C6 /* Tap Me */,
				2EDE66141B0118B800CC94C6 /* Tap MeTests */,
				2EDE65F91B0118B800CC94C6 /* Products */,
			);
			sourceTree = "<group>";
		};
		2EDE65F91B0118B800CC94C6 /* Products */ = {
			isa = PBXGroup;
			children = (
				2EDE65F81B0118B800CC94C6 /* Tap Me.app */,
				2EDE66111B0118B800CC94C6 /* Tap MeTests.xctest */,
			);
			name = Products;
			sourceTree = "<group>";
		};
		2EDE65FA1B0118B800CC94C6 /* Tap Me */ = {
			isa = PBXGroup;
			children = (
				2EDE65FF1B0118B800CC94C6 /* AppDelegate.h */,
				2EDE66001B0118B800CC94C6 /* AppDelegate.m */,
				2EDE66021B0118B800CC94C6 /* ViewController.h */,
				2EDE66031B0118B800CC94C6 /* ViewController.m */,
				2EDE66051B0118B800CC94C6 /* Main.storyboard */,
				2EDE66081B0118B800CC94C6 /* Images.xcassets */,
				2EDE660A1B0118B800CC94C6 /* LaunchScreen.xib */,
				2EDE65FB1B0118B800CC94C6 /* Supporting Files */,
			);
			path = "Tap Me";
			sourceTree = "<group>";
		};
		2EDE65FB1B0118B800CC94C6 /* Supporting Files */ = {
			isa = PBXGroup;
			children = (
				2EDE65FC1B0118B800CC94C6 /* Info.plist */,
				2EDE65FD1B0118B800CC94C6 /* main.m */,
			);
			name = "Supporting Files";
			sourceTree = "<group>";
		};
		2EDE66141B0118B800CC94C6 /* Tap MeTests */ = {
			isa = PBXGroup;
			children = (
				2EDE66171B0118B800CC94C6 /* Tap_MeTests.m */,
				2EDE66151B0118B800CC94C6 /* Supporting Files */,
			);
			path = "Tap MeTests";
			sourceTree = "<group>";
		};
		2EDE66151B0118B800CC94C6 /* Supporting Files */ = {
			isa = PBXGroup;
			children = (
				2EDE66161B0118B800CC94C6 /* Info.plist */,
			);
			name = "Supporting Files";
			sourceTree = "<group>";
		};
/* End PBXGroup section */

/* Begin PBXNativeTarget section */
		2EDE65F71B0118B800CC94C6 /* Tap Me */ = {
			isa = PBXNativeTarget;
			buildConfigurationList = 2EDE661B1B0118B900CC94C6 /* Build configuration list for PBXNativeTarget "Tap Me" */;
			buildPhases = (
				2EDE65F41B0118B800CC94C6 /* Sources */,
				2EDE65F51B0118B800CC94C6 /* Frameworks */,
				2EDE65F61B0118B800CC94C6 /* Resources */,
			);
			buildRules = (
			);
			dependencies = (
			);
			name = "Tap Me";
			productName = "Tap Me";
			productReference = 2EDE65F81B0118B800CC94C6 /* Tap Me.app */;
			productType = "com.apple.product-type.application";
		};
		2EDE66101B0118B800CC94C6 /* Tap MeTests */ = {
			isa = PBXNativeTarget;
			buildConfigurationList = 2EDE661E1B0118B900CC94C6 /* Build configuration list for PBXNativeTarget "Tap MeTests" */;
			buildPhases = (
				2EDE660D1B0118B800CC94C6 /* Sources */,
				2EDE660E1B0118B800CC94C6 /* Frameworks */,
				2EDE660F1B0118B800CC94C6 /* Resources */,
			);
			buildRules = (
			);
			dependencies = (
				2EDE66131B0118B800CC94C6 /* PBXTargetDependency */,
			);
			name = "Tap MeTests";
			productName = "Tap MeTests";
			productReference = 2EDE66111B0118B800CC94C6 /* Tap MeTests.xctest */;
			productType = "com.apple.product-type.bundle.unit-test";
		};
/* End PBXNativeTarget section */

/* Begin PBXProject section */
		2EDE65F01B0118B800CC94C6 /* Project object */ = {
			isa = PBXProject;
			attributes = {
				LastUpgradeCheck = 0620;
				ORGANIZATIONNAME = "Chase McCoy";
				TargetAttributes = {
					2EDE65F71B0118B800CC94C6 = {
						CreatedOnToolsVersion = 6.2;
					};
					2EDE66101B0118B800CC94C6 = {
						CreatedOnToolsVersion = 6.2;
						TestTargetID = 2EDE65F71B0118B800CC94C6;
					};
				};
			};
			buildConfigurationList = 2EDE65F31B0118B800CC94C6 /* Build configuration list for PBXProject "Tap Me" */;
			compatibilityVersion = "Xcode 3.2";
			developmentRegion = English;
			hasScannedForEncodings = 0;
			knownRegions = (
				en,
				Base,
			);
			mainGroup = 2EDE65EF1B0118B800CC94C6;
			productRefGroup = 2EDE65F91B0118B800CC94C6 /* Products */;
			projectDirPath = "";
			projectRoot = "";
			targets = (
				2EDE65F71B0118B800CC94C6 /* Tap Me */,
				2EDE66101B0118B800CC94C6 /* Tap MeTests */,
			);
		};
/* End PBXProject section */

/* Begin PBXResourcesBuildPhase section */
		2EDE65F61B0118B800CC94C6 /* Resources */ = {
			isa = PBXResourcesBuildPhase;
			buildActionMask = 2147483647;
			files = (
				2EDE66071B0118B800CC94C6 /* Main.storyboard in Resources */,
				2EDE660C1B0118B800CC94C6 /* LaunchScreen.xib in Resources */,
				2EDE66091B0118B800CC94C6 /* Images.xcassets in Resources */,
			);
			runOnlyForDeploymentPostprocessing = 0;
		};
		2EDE660F1B0118B800CC94C6 /* Resources */ = {
			isa = PBXResourcesBuildPhase;
			buildActionMask = 2147483647;
			files = (
			);
			runOnlyForDeploymentPostprocessing = 0;
		};
/* End PBXResourcesBuildPhase section */

/* Begin PBXSourcesBuildPhase section */
		2EDE65F41B0118B800CC94C6 /* Sources */ = {
			isa = PBXSourcesBuildPhase;
			buildActionMask = 2147483647;
			files = (
				2EDE66041B0118B800CC94C6 /* ViewController.m in Sources */,
				2EDE66011B0118B800CC94C6 /* AppDelegate.m in Sources */,
				2EDE65FE1B0118B800CC94C6 /* main.m in Sources */,
			);
			runOnlyForDeploymentPostprocessing = 0;
		};
		2EDE660D1B0118B800CC94C6 /* Sources */ = {
			isa = PBXSourcesBuildPhase;
			buildActionMask = 2147483647;
			files = (
				2EDE66181B0118B800CC94C6 /* Tap_MeTests.m in Sources */,
			);
			runOnlyForDeploymentPostprocessing = 0;
		};
/* End PBXSourcesBuildPhase section */

/* Begin PBXTargetDependency section */
		2EDE66131B0118B800CC94C6 /* PBXTargetDependency */ = {
			isa = PBXTargetDependency;
			target = 2EDE65F71B0118B800CC94C6 /* Tap Me */;
			targetProxy = 2EDE66121B0118B800CC94C6 /* PBXContainerItemProxy */;
		};
/* End PBXTargetDependency section */

/* Begin PBXVariantGroup section */
		2EDE66051B0118B800CC94C6 /* Main.storyboard */ = {
			isa = PBXVariantGroup;
			children = (
				2EDE66061B0118B800CC94C6 /* Base */,
			);
			name = Main.storyboard;
			sourceTree = "<group>";
		};
		2EDE660A1B0118B800CC94C6 /* LaunchScreen.xib */ = {
			isa = PBXVariantGroup;
			children = (
				2EDE660B1B0118B800CC94C6 /* Base */,
			);
			name = LaunchScreen.xib;
			sourceTree = "<group>";
		};
/* End PBXVariantGroup section */

/* Begin XCBuildConfiguration section */
		2EDE66191B0118B900CC94C6 /* Debug */ = {
			isa = XCBuildConfiguration;
			buildSettings = {
				ALWAYS_SEARCH_USER_PATHS = NO;
				CLANG_CXX_LANGUAGE_STANDARD = "gnu++0x";
				CLANG_CXX_LIBRARY = "libc++";
				CLANG_ENABLE_MODULES = YES;
				CLANG_ENABLE_OBJC_ARC = YES;
				CLANG_WARN_BOOL_CONVERSION = YES;
				CLANG_WARN_CONSTANT_CONVERSION = YES;
				CLANG_WARN_DIRECT_OBJC_ISA_USAGE = YES_ERROR;
				CLANG_WARN_EMPTY_BODY = YES;
				CLANG_WARN_ENUM_CONVERSION = YES;
				CLANG_WARN_INT_CONVERSION = YES;
				CLANG_WARN_OBJC_ROOT_CLASS = YES_ERROR;
				CLANG_WARN_UNREACHABLE_CODE = YES;
				CLANG_WARN__DUPLICATE_METHOD_MATCH = YES;
				"CODE_SIGN_IDENTITY[sdk=iphoneos*]" = "iPhone Developer";
				COPY_PHASE_STRIP = NO;
				ENABLE_STRICT_OBJC_MSGSEND = YES;
				GCC_C_LANGUAGE_STANDARD = gnu99;
				GCC_DYNAMIC_NO_PIC = NO;
				GCC_OPTIMIZATION_LEVEL = 0;
				GCC_PREPROCESSOR_DEFINITIONS = (
					"DEBUG=1",
					"$(inherited)",
				);
				GCC_SYMBOLS_PRIVATE_EXTERN = NO;
				GCC_WARN_64_TO_32_BIT_CONVERSION = YES;
				GCC_WARN_ABOUT_RETURN_TYPE = YES_ERROR;
				GCC_WARN_UNDECLARED_SELECTOR = YES;
				GCC_WARN_UNINITIALIZED_AUTOS = YES_AGGRESSIVE;
				GCC_WARN_UNUSED_FUNCTION = YES;
				GCC_WARN_UNUSED_VARIABLE = YES;
				IPHONEOS_DEPLOYMENT_TARGET = 8.2;
				MTL_ENABLE_DEBUG_INFO = YES;
				ONLY_ACTIVE_ARCH = YES;
				SDKROOT = iphoneos;
			};
			name = Debug;
		};
		2EDE661A1B0118B900CC94C6 /* Release */ = {
			isa = XCBuildConfiguration;
			buildSettings = {
				ALWAYS_SEARCH_USER_PATHS = NO;
				CLANG_CXX_LANGUAGE_STANDARD = "gnu++0x";
				CLANG_CXX_LIBRARY = "libc++";
				CLANG_ENABLE_MODULES = YES;
				CLANG_ENABLE_OBJC_ARC = YES;
				CLANG_WARN_BOOL_CONVERSION = YES;
				CLANG_WARN_CONSTANT_CONVERSION = YES;
				CLANG_WARN_DIRECT_OBJC_ISA_USAGE = YES_ERROR;
				CLANG_WARN_EMPTY_BODY = YES;
				CLANG_WARN_ENUM_CONVERSION = YES;
				CLANG_WARN_INT_CONVERSION = YES;
				CLANG_WARN_OBJC_ROOT_CLASS = YES_ERROR;
				CLANG_WARN_UNREACHABLE_CODE = YES;
				CLANG_WARN__DUPLICATE_METHOD_MATCH = YES;
				"CODE_SIGN_IDENTITY[sdk=iphoneos*]" = "iPhone Developer";
				COPY_PHASE_STRIP = NO;
				ENABLE_NS_ASSERTIONS = NO;
				ENABLE_STRICT_OBJC_MSGSEND = YES;
				GCC_C_LANGUAGE_STANDARD = gnu99;
				GCC_WARN_64_TO_32_BIT_CONVERSION = YES;
				GCC_WARN_ABOUT_RETURN_TYPE = YES_ERROR;
				GCC_WARN_UNDECLARED_SELECTOR = YES;
				GCC_WARN_UNINITIALIZED_AUTOS = YES_AGGRESSIVE;
				GCC_WARN_UNUSED_FUNCTION = YES;
				GCC_WARN_UNUSED_VARIABLE = YES;
				IPHONEOS_DEPLOYMENT_TARGET = 8.2;
				MTL_ENABLE_DEBUG_INFO = NO;
				SDKROOT = iphoneos;
				VALIDATE_PRODUCT = YES;
			};
			name = Release;
		};
		2EDE661C1B0118B900CC94C6 /* Debug */ = {
			isa = XCBuildConfiguration;
			buildSettings = {
				ASSETCATALOG_COMPILER_APPICON_NAME = AppIcon;
				INFOPLIST_FILE = "Tap Me/Info.plist";
				LD_RUNPATH_SEARCH_PATHS = "$(inherited) @executable_path/Frameworks";
				PRODUCT_NAME = "$(TARGET_NAME)";
			};
			name = Debug;
		};
		2EDE661D1B0118B900CC94C6 /* Release */ = {
			isa = XCBuildConfiguration;
			buildSettings = {
				ASSETCATALOG_COMPILER_APPICON_NAME = AppIcon;
				INFOPLIST_FILE = "Tap Me/Info.plist";
				LD_RUNPATH_SEARCH_PATHS = "$(inherited) @executable_path/Frameworks";
				PRODUCT_NAME = "$(TARGET_NAME)";
			};
			name = Release;
		};
		2EDE661F1B0118B900CC94C6 /* Debug */ = {
			isa = XCBuildConfiguration;
			buildSettings = {
				BUNDLE_LOADER = "$(TEST_HOST)";
				FRAMEWORK_SEARCH_PATHS = (
					"$(SDKROOT)/Developer/Library/Frameworks",
					"$(inherited)",
				);
				GCC_PREPROCESSOR_DEFINITIONS = (
					"DEBUG=1",
					"$(inherited)",
				);
				INFOPLIST_FILE = "Tap MeTests/Info.plist";
				LD_RUNPATH_SEARCH_PATHS = "$(inherited) @executable_path/Frameworks @loader_path/Frameworks";
				PRODUCT_NAME = "$(TARGET_NAME)";
				TEST_HOST = "$(BUILT_PRODUCTS_DIR)/Tap Me.app/Tap Me";
			};
			name = Debug;
		};
		2EDE66201B0118B900CC94C6 /* Release */ = {
			isa = XCBuildConfiguration;
			buildSettings = {
				BUNDLE_LOADER = "$(TEST_HOST)";
				FRAMEWORK_SEARCH_PATHS = (
					"$(SDKROOT)/Developer/Library/Frameworks",
					"$(inherited)",
				);
				INFOPLIST_FILE = "Tap MeTests/Info.plist";
				LD_RUNPATH_SEARCH_PATHS = "$(inherited) @executable_path/Frameworks @loader_path/Frameworks";
				PRODUCT_NAME = "$(TARGET_NAME)";
				TEST_HOST = "$(BUILT_PRODUCTS_DIR)/Tap Me.app/Tap Me";
			};
			name = Release;
		};
/* End XCBuildConfiguration section */

/* Begin XCConfigurationList section */
		2EDE65F31B0118B800CC94C6 /* Build configuration list for PBXProject "Tap Me" */ = {
			isa = XCConfigurationList;
			buildConfigurations = (
				2EDE66191B0118B900CC94C6 /* Debug */,
				2EDE661A1B0118B900CC94C6 /* Release */,
			);
			defaultConfigurationIsVisible = 0;
			defaultConfigurationName = Release;
		};
		2EDE661B1B0118B900CC94C6 /* Build configuration list for PBXNativeTarget "Tap Me" */ = {
			isa = XCConfigurationList;
			buildConfigurations = (
				2EDE661C1B0118B900CC94C6 /* Debug */,
				2EDE661D1B0118B900CC94C6 /* Release */,
			);
			defaultConfigurationIsVisible = 0;
		};
		2EDE661E1B0118B900CC94C6 /* Build configuration list for PBXNativeTarget "Tap MeTests" */ = {
			isa = XCConfigurationList;
			buildConfigurations = (
				2EDE661F1B0118B900CC94C6 /* Debug */,
				2EDE66201B0118B900CC94C6 /* Release */,
			);
			defaultConfigurationIsVisible = 0;
		};
/* End XCConfigurationList section */
	};
	rootObject = 2EDE65F01B0118B800CC94C6 /* Project object */;
}
